
Microsoft Visual Studio Solution File, Format Version 12.00
# Visual Studio Version 16
VisualStudioVersion = 16.0.31019.35
MinimumVisualStudioVersion = 10.0.40219.1
Project("{FAE04EC0-301F-11D3-BF4B-00C04F79EFBC}") = "isMale", "isMale\isMale.csproj", "{ACACBE4E-7137-406A-B30A-7EA25A15FB02}"
EndProject
Global
	GlobalSection(SolutionConfigurationPlatforms) = preSolution
		Debug|Any CPU = Debug|Any CPU
		Release|Any CPU = Release|Any CPU
	EndGlobalSection
	GlobalSection(ProjectConfigurationPlatforms) = postSolution
		{ACACBE4E-7137-406A-B30A-7EA25A15FB02}.Debug|Any CPU.ActiveCfg = Debug|Any CPU
		{ACACBE4E-7137-406A-B30A-7EA25A15FB02}.Debug|Any CPU.Build.0 = Debug|Any CPU
		{ACACBE4E-7137-406A-B30A-7EA25A15FB02}.Release|Any CPU.ActiveCfg = Release|Any CPU
		{ACACBE4E-7137-406A-B30A-7EA25A15FB02}.Release|Any CPU.Build.0 = Release|Any CPU
	EndGlobalSection
	GlobalSection(SolutionProperties) = preSolution
		HideSolutionNode = FALSE
	EndGlobalSection
	GlobalSection(ExtensibilityGlobals) = postSolution
		SolutionGuid = {FC44EDF4-ABB2-44BC-97B0-7981F01BECB2}
	EndGlobalSection
EndGlobal
