
Microsoft Visual Studio Solution File, Format Version 12.00
# Visual Studio Version 16
VisualStudioVersion = 16.0.31019.35
MinimumVisualStudioVersion = 10.0.40219.1
Project("{FAE04EC0-301F-11D3-BF4B-00C04F79EFBC}") = "07 NKNK", "07 NKNK\07 NKNK.csproj", "{AFA21BAF-FA88-4B8D-B407-CBDF943D832C}"
EndProject
Global
	GlobalSection(SolutionConfigurationPlatforms) = preSolution
		Debug|Any CPU = Debug|Any CPU
		Release|Any CPU = Release|Any CPU
	EndGlobalSection
	GlobalSection(ProjectConfigurationPlatforms) = postSolution
		{AFA21BAF-FA88-4B8D-B407-CBDF943D832C}.Debug|Any CPU.ActiveCfg = Debug|Any CPU
		{AFA21BAF-FA88-4B8D-B407-CBDF943D832C}.Debug|Any CPU.Build.0 = Debug|Any CPU
		{AFA21BAF-FA88-4B8D-B407-CBDF943D832C}.Release|Any CPU.ActiveCfg = Release|Any CPU
		{AFA21BAF-FA88-4B8D-B407-CBDF943D832C}.Release|Any CPU.Build.0 = Release|Any CPU
	EndGlobalSection
	GlobalSection(SolutionProperties) = preSolution
		HideSolutionNode = FALSE
	EndGlobalSection
	GlobalSection(ExtensibilityGlobals) = postSolution
		SolutionGuid = {7D848036-1D67-4A60-A7DA-4842CCB69995}
	EndGlobalSection
EndGlobal
