
Microsoft Visual Studio Solution File, Format Version 12.00
# Visual Studio Version 16
VisualStudioVersion = 16.0.31019.35
MinimumVisualStudioVersion = 10.0.40219.1
Project("{FAE04EC0-301F-11D3-BF4B-00C04F79EFBC}") = "08 askingfor somthing", "08 askingfor somthing\08 askingfor somthing.csproj", "{66538ABB-4295-4C25-AF4D-0B4BCC834F56}"
EndProject
Global
	GlobalSection(SolutionConfigurationPlatforms) = preSolution
		Debug|Any CPU = Debug|Any CPU
		Release|Any CPU = Release|Any CPU
	EndGlobalSection
	GlobalSection(ProjectConfigurationPlatforms) = postSolution
		{66538ABB-4295-4C25-AF4D-0B4BCC834F56}.Debug|Any CPU.ActiveCfg = Debug|Any CPU
		{66538ABB-4295-4C25-AF4D-0B4BCC834F56}.Debug|Any CPU.Build.0 = Debug|Any CPU
		{66538ABB-4295-4C25-AF4D-0B4BCC834F56}.Release|Any CPU.ActiveCfg = Release|Any CPU
		{66538ABB-4295-4C25-AF4D-0B4BCC834F56}.Release|Any CPU.Build.0 = Release|Any CPU
	EndGlobalSection
	GlobalSection(SolutionProperties) = preSolution
		HideSolutionNode = FALSE
	EndGlobalSection
	GlobalSection(ExtensibilityGlobals) = postSolution
		SolutionGuid = {35ADA0DC-8C5F-4787-9DCF-07682FB09087}
	EndGlobalSection
EndGlobal
