
Microsoft Visual Studio Solution File, Format Version 12.00
# Visual Studio Version 16
VisualStudioVersion = 16.0.31019.35
MinimumVisualStudioVersion = 10.0.40219.1
Project("{FAE04EC0-301F-11D3-BF4B-00C04F79EFBC}") = "06 greaterThen", "06 greaterThen\06 greaterThen.csproj", "{0FCC4EDE-ED46-4331-88F1-A14FEC8CA919}"
EndProject
Global
	GlobalSection(SolutionConfigurationPlatforms) = preSolution
		Debug|Any CPU = Debug|Any CPU
		Release|Any CPU = Release|Any CPU
	EndGlobalSection
	GlobalSection(ProjectConfigurationPlatforms) = postSolution
		{0FCC4EDE-ED46-4331-88F1-A14FEC8CA919}.Debug|Any CPU.ActiveCfg = Debug|Any CPU
		{0FCC4EDE-ED46-4331-88F1-A14FEC8CA919}.Debug|Any CPU.Build.0 = Debug|Any CPU
		{0FCC4EDE-ED46-4331-88F1-A14FEC8CA919}.Release|Any CPU.ActiveCfg = Release|Any CPU
		{0FCC4EDE-ED46-4331-88F1-A14FEC8CA919}.Release|Any CPU.Build.0 = Release|Any CPU
	EndGlobalSection
	GlobalSection(SolutionProperties) = preSolution
		HideSolutionNode = FALSE
	EndGlobalSection
	GlobalSection(ExtensibilityGlobals) = postSolution
		SolutionGuid = {27E3BA73-B510-4CA0-9815-33DFBC4A9E2E}
	EndGlobalSection
EndGlobal
