
Microsoft Visual Studio Solution File, Format Version 12.00
# Visual Studio Version 16
VisualStudioVersion = 16.0.31019.35
MinimumVisualStudioVersion = 10.0.40219.1
Project("{FAE04EC0-301F-11D3-BF4B-00C04F79EFBC}") = "03 pritingStoL", "03 pritingStoL\03 pritingStoL.csproj", "{4CFD1EAA-88D4-46FA-AB3E-0F22C88CF006}"
EndProject
Global
	GlobalSection(SolutionConfigurationPlatforms) = preSolution
		Debug|Any CPU = Debug|Any CPU
		Release|Any CPU = Release|Any CPU
	EndGlobalSection
	GlobalSection(ProjectConfigurationPlatforms) = postSolution
		{4CFD1EAA-88D4-46FA-AB3E-0F22C88CF006}.Debug|Any CPU.ActiveCfg = Debug|Any CPU
		{4CFD1EAA-88D4-46FA-AB3E-0F22C88CF006}.Debug|Any CPU.Build.0 = Debug|Any CPU
		{4CFD1EAA-88D4-46FA-AB3E-0F22C88CF006}.Release|Any CPU.ActiveCfg = Release|Any CPU
		{4CFD1EAA-88D4-46FA-AB3E-0F22C88CF006}.Release|Any CPU.Build.0 = Release|Any CPU
	EndGlobalSection
	GlobalSection(SolutionProperties) = preSolution
		HideSolutionNode = FALSE
	EndGlobalSection
	GlobalSection(ExtensibilityGlobals) = postSolution
		SolutionGuid = {66A6558F-618A-43FC-99D6-EDA50E65B6E9}
	EndGlobalSection
EndGlobal
