
Microsoft Visual Studio Solution File, Format Version 12.00
# Visual Studio Version 16
VisualStudioVersion = 16.0.31019.35
MinimumVisualStudioVersion = 10.0.40219.1
Project("{FAE04EC0-301F-11D3-BF4B-00C04F79EFBC}") = "WhileStatement", "WhileStatement\WhileStatement.csproj", "{C5C66ADA-00EA-4E13-9244-A1C8BDB27B00}"
EndProject
Global
	GlobalSection(SolutionConfigurationPlatforms) = preSolution
		Debug|Any CPU = Debug|Any CPU
		Release|Any CPU = Release|Any CPU
	EndGlobalSection
	GlobalSection(ProjectConfigurationPlatforms) = postSolution
		{C5C66ADA-00EA-4E13-9244-A1C8BDB27B00}.Debug|Any CPU.ActiveCfg = Debug|Any CPU
		{C5C66ADA-00EA-4E13-9244-A1C8BDB27B00}.Debug|Any CPU.Build.0 = Debug|Any CPU
		{C5C66ADA-00EA-4E13-9244-A1C8BDB27B00}.Release|Any CPU.ActiveCfg = Release|Any CPU
		{C5C66ADA-00EA-4E13-9244-A1C8BDB27B00}.Release|Any CPU.Build.0 = Release|Any CPU
	EndGlobalSection
	GlobalSection(SolutionProperties) = preSolution
		HideSolutionNode = FALSE
	EndGlobalSection
	GlobalSection(ExtensibilityGlobals) = postSolution
		SolutionGuid = {29B3D7A7-292F-4E43-A2C4-33598E81D44B}
	EndGlobalSection
EndGlobal
