
Microsoft Visual Studio Solution File, Format Version 12.00
# Visual Studio Version 16
VisualStudioVersion = 16.0.31019.35
MinimumVisualStudioVersion = 10.0.40219.1
Project("{FAE04EC0-301F-11D3-BF4B-00C04F79EFBC}") = "04 sorting3Numbers", "04 sorting3Numbers\04 sorting3Numbers.csproj", "{BCB4F0C9-B857-4866-835E-2F7783EB4230}"
EndProject
Global
	GlobalSection(SolutionConfigurationPlatforms) = preSolution
		Debug|Any CPU = Debug|Any CPU
		Release|Any CPU = Release|Any CPU
	EndGlobalSection
	GlobalSection(ProjectConfigurationPlatforms) = postSolution
		{BCB4F0C9-B857-4866-835E-2F7783EB4230}.Debug|Any CPU.ActiveCfg = Debug|Any CPU
		{BCB4F0C9-B857-4866-835E-2F7783EB4230}.Debug|Any CPU.Build.0 = Debug|Any CPU
		{BCB4F0C9-B857-4866-835E-2F7783EB4230}.Release|Any CPU.ActiveCfg = Release|Any CPU
		{BCB4F0C9-B857-4866-835E-2F7783EB4230}.Release|Any CPU.Build.0 = Release|Any CPU
	EndGlobalSection
	GlobalSection(SolutionProperties) = preSolution
		HideSolutionNode = FALSE
	EndGlobalSection
	GlobalSection(ExtensibilityGlobals) = postSolution
		SolutionGuid = {2E3490A9-4808-4B90-965E-59ABEAE7CC56}
	EndGlobalSection
EndGlobal
