
Microsoft Visual Studio Solution File, Format Version 12.00
# Visual Studio Version 16
VisualStudioVersion = 16.0.31019.35
MinimumVisualStudioVersion = 10.0.40219.1
Project("{FAE04EC0-301F-11D3-BF4B-00C04F79EFBC}") = "13 changeNvalue", "13 changeNvalue\13 changeNvalue.csproj", "{DFE73902-E339-44B8-AFD1-37283A14D617}"
EndProject
Global
	GlobalSection(SolutionConfigurationPlatforms) = preSolution
		Debug|Any CPU = Debug|Any CPU
		Release|Any CPU = Release|Any CPU
	EndGlobalSection
	GlobalSection(ProjectConfigurationPlatforms) = postSolution
		{DFE73902-E339-44B8-AFD1-37283A14D617}.Debug|Any CPU.ActiveCfg = Debug|Any CPU
		{DFE73902-E339-44B8-AFD1-37283A14D617}.Debug|Any CPU.Build.0 = Debug|Any CPU
		{DFE73902-E339-44B8-AFD1-37283A14D617}.Release|Any CPU.ActiveCfg = Release|Any CPU
		{DFE73902-E339-44B8-AFD1-37283A14D617}.Release|Any CPU.Build.0 = Release|Any CPU
	EndGlobalSection
	GlobalSection(SolutionProperties) = preSolution
		HideSolutionNode = FALSE
	EndGlobalSection
	GlobalSection(ExtensibilityGlobals) = postSolution
		SolutionGuid = {CE608D0F-11F2-4BD4-B1BE-7C7BB21BA812}
	EndGlobalSection
EndGlobal
