
Microsoft Visual Studio Solution File, Format Version 12.00
# Visual Studio Version 16
VisualStudioVersion = 16.0.31019.35
MinimumVisualStudioVersion = 10.0.40219.1
Project("{FAE04EC0-301F-11D3-BF4B-00C04F79EFBC}") = "16 creatingQue", "16 creatingQue\16 creatingQue.csproj", "{AF6B4F95-6F70-4D42-864B-4CFFA97AEB4B}"
EndProject
Global
	GlobalSection(SolutionConfigurationPlatforms) = preSolution
		Debug|Any CPU = Debug|Any CPU
		Release|Any CPU = Release|Any CPU
	EndGlobalSection
	GlobalSection(ProjectConfigurationPlatforms) = postSolution
		{AF6B4F95-6F70-4D42-864B-4CFFA97AEB4B}.Debug|Any CPU.ActiveCfg = Debug|Any CPU
		{AF6B4F95-6F70-4D42-864B-4CFFA97AEB4B}.Debug|Any CPU.Build.0 = Debug|Any CPU
		{AF6B4F95-6F70-4D42-864B-4CFFA97AEB4B}.Release|Any CPU.ActiveCfg = Release|Any CPU
		{AF6B4F95-6F70-4D42-864B-4CFFA97AEB4B}.Release|Any CPU.Build.0 = Release|Any CPU
	EndGlobalSection
	GlobalSection(SolutionProperties) = preSolution
		HideSolutionNode = FALSE
	EndGlobalSection
	GlobalSection(ExtensibilityGlobals) = postSolution
		SolutionGuid = {70A9DB47-19E9-46A9-A64A-29E2DE1A1895}
	EndGlobalSection
EndGlobal
