
Microsoft Visual Studio Solution File, Format Version 12.00
# Visual Studio Version 16
VisualStudioVersion = 16.0.31019.35
MinimumVisualStudioVersion = 10.0.40219.1
Project("{FAE04EC0-301F-11D3-BF4B-00C04F79EFBC}") = "13 fromBinDec", "13 fromBinDec\13 fromBinDec.csproj", "{F0A3A0F6-E258-4D2B-BB2A-90A134F5F461}"
EndProject
Global
	GlobalSection(SolutionConfigurationPlatforms) = preSolution
		Debug|Any CPU = Debug|Any CPU
		Release|Any CPU = Release|Any CPU
	EndGlobalSection
	GlobalSection(ProjectConfigurationPlatforms) = postSolution
		{F0A3A0F6-E258-4D2B-BB2A-90A134F5F461}.Debug|Any CPU.ActiveCfg = Debug|Any CPU
		{F0A3A0F6-E258-4D2B-BB2A-90A134F5F461}.Debug|Any CPU.Build.0 = Debug|Any CPU
		{F0A3A0F6-E258-4D2B-BB2A-90A134F5F461}.Release|Any CPU.ActiveCfg = Release|Any CPU
		{F0A3A0F6-E258-4D2B-BB2A-90A134F5F461}.Release|Any CPU.Build.0 = Release|Any CPU
	EndGlobalSection
	GlobalSection(SolutionProperties) = preSolution
		HideSolutionNode = FALSE
	EndGlobalSection
	GlobalSection(ExtensibilityGlobals) = postSolution
		SolutionGuid = {395A0619-74F8-411E-99A8-5680F5D2CAD5}
	EndGlobalSection
EndGlobal
