
Microsoft Visual Studio Solution File, Format Version 12.00
# Visual Studio Version 16
VisualStudioVersion = 16.0.31019.35
MinimumVisualStudioVersion = 10.0.40219.1
Project("{FAE04EC0-301F-11D3-BF4B-00C04F79EFBC}") = "01 greaterSwitchV", "01 greaterSwitchV\01 greaterSwitchV.csproj", "{4A77FF3E-C9F5-466D-8C41-83686CD445E6}"
EndProject
Global
	GlobalSection(SolutionConfigurationPlatforms) = preSolution
		Debug|Any CPU = Debug|Any CPU
		Release|Any CPU = Release|Any CPU
	EndGlobalSection
	GlobalSection(ProjectConfigurationPlatforms) = postSolution
		{4A77FF3E-C9F5-466D-8C41-83686CD445E6}.Debug|Any CPU.ActiveCfg = Debug|Any CPU
		{4A77FF3E-C9F5-466D-8C41-83686CD445E6}.Debug|Any CPU.Build.0 = Debug|Any CPU
		{4A77FF3E-C9F5-466D-8C41-83686CD445E6}.Release|Any CPU.ActiveCfg = Release|Any CPU
		{4A77FF3E-C9F5-466D-8C41-83686CD445E6}.Release|Any CPU.Build.0 = Release|Any CPU
	EndGlobalSection
	GlobalSection(SolutionProperties) = preSolution
		HideSolutionNode = FALSE
	EndGlobalSection
	GlobalSection(ExtensibilityGlobals) = postSolution
		SolutionGuid = {E8F86EE9-8D8E-4205-BC60-70523D9D3922}
	EndGlobalSection
EndGlobal
