
Microsoft Visual Studio Solution File, Format Version 12.00
# Visual Studio Version 16
VisualStudioVersion = 16.0.31019.35
MinimumVisualStudioVersion = 10.0.40219.1
Project("{FAE04EC0-301F-11D3-BF4B-00C04F79EFBC}") = "09 IfStatement", "09 IfStatement\09 IfStatement.csproj", "{EDC8EB05-D670-4515-A455-01D917DD1C0E}"
EndProject
Global
	GlobalSection(SolutionConfigurationPlatforms) = preSolution
		Debug|Any CPU = Debug|Any CPU
		Release|Any CPU = Release|Any CPU
	EndGlobalSection
	GlobalSection(ProjectConfigurationPlatforms) = postSolution
		{EDC8EB05-D670-4515-A455-01D917DD1C0E}.Debug|Any CPU.ActiveCfg = Debug|Any CPU
		{EDC8EB05-D670-4515-A455-01D917DD1C0E}.Debug|Any CPU.Build.0 = Debug|Any CPU
		{EDC8EB05-D670-4515-A455-01D917DD1C0E}.Release|Any CPU.ActiveCfg = Release|Any CPU
		{EDC8EB05-D670-4515-A455-01D917DD1C0E}.Release|Any CPU.Build.0 = Release|Any CPU
	EndGlobalSection
	GlobalSection(SolutionProperties) = preSolution
		HideSolutionNode = FALSE
	EndGlobalSection
	GlobalSection(ExtensibilityGlobals) = postSolution
		SolutionGuid = {742D6289-E02A-42F2-9E3C-331DE3134623}
	EndGlobalSection
EndGlobal
