
Microsoft Visual Studio Solution File, Format Version 12.00
# Visual Studio Version 16
VisualStudioVersion = 16.0.31019.35
MinimumVisualStudioVersion = 10.0.40219.1
Project("{FAE04EC0-301F-11D3-BF4B-00C04F79EFBC}") = "trapezoidSurface", "trapezoidSurface\trapezoidSurface.csproj", "{4E5CDC12-77E8-458F-907B-FEC8EC557A6A}"
EndProject
Global
	GlobalSection(SolutionConfigurationPlatforms) = preSolution
		Debug|Any CPU = Debug|Any CPU
		Release|Any CPU = Release|Any CPU
	EndGlobalSection
	GlobalSection(ProjectConfigurationPlatforms) = postSolution
		{4E5CDC12-77E8-458F-907B-FEC8EC557A6A}.Debug|Any CPU.ActiveCfg = Debug|Any CPU
		{4E5CDC12-77E8-458F-907B-FEC8EC557A6A}.Debug|Any CPU.Build.0 = Debug|Any CPU
		{4E5CDC12-77E8-458F-907B-FEC8EC557A6A}.Release|Any CPU.ActiveCfg = Release|Any CPU
		{4E5CDC12-77E8-458F-907B-FEC8EC557A6A}.Release|Any CPU.Build.0 = Release|Any CPU
	EndGlobalSection
	GlobalSection(SolutionProperties) = preSolution
		HideSolutionNode = FALSE
	EndGlobalSection
	GlobalSection(ExtensibilityGlobals) = postSolution
		SolutionGuid = {954CD9BF-3775-4D2A-A27F-A082FD020D4B}
	EndGlobalSection
EndGlobal
