
Microsoft Visual Studio Solution File, Format Version 12.00
# Visual Studio Version 16
VisualStudioVersion = 16.0.31019.35
MinimumVisualStudioVersion = 10.0.40219.1
Project("{FAE04EC0-301F-11D3-BF4B-00C04F79EFBC}") = "11 calculateZeros", "11 calculateZeros\11 calculateZeros.csproj", "{9F402AAD-B0AE-4365-A12E-F45E2D57568A}"
EndProject
Global
	GlobalSection(SolutionConfigurationPlatforms) = preSolution
		Debug|Any CPU = Debug|Any CPU
		Release|Any CPU = Release|Any CPU
	EndGlobalSection
	GlobalSection(ProjectConfigurationPlatforms) = postSolution
		{9F402AAD-B0AE-4365-A12E-F45E2D57568A}.Debug|Any CPU.ActiveCfg = Debug|Any CPU
		{9F402AAD-B0AE-4365-A12E-F45E2D57568A}.Debug|Any CPU.Build.0 = Debug|Any CPU
		{9F402AAD-B0AE-4365-A12E-F45E2D57568A}.Release|Any CPU.ActiveCfg = Release|Any CPU
		{9F402AAD-B0AE-4365-A12E-F45E2D57568A}.Release|Any CPU.Build.0 = Release|Any CPU
	EndGlobalSection
	GlobalSection(SolutionProperties) = preSolution
		HideSolutionNode = FALSE
	EndGlobalSection
	GlobalSection(ExtensibilityGlobals) = postSolution
		SolutionGuid = {C5C208E0-4060-4AFE-9368-D5409C2AB8F5}
	EndGlobalSection
EndGlobal
