
Microsoft Visual Studio Solution File, Format Version 12.00
# Visual Studio Version 16
VisualStudioVersion = 16.0.31019.35
MinimumVisualStudioVersion = 10.0.40219.1
Project("{FAE04EC0-301F-11D3-BF4B-00C04F79EFBC}") = "11 converting999", "11 converting999\11 converting999.csproj", "{50C9A305-AAF6-461A-A3B7-BA18419CA8D5}"
EndProject
Global
	GlobalSection(SolutionConfigurationPlatforms) = preSolution
		Debug|Any CPU = Debug|Any CPU
		Release|Any CPU = Release|Any CPU
	EndGlobalSection
	GlobalSection(ProjectConfigurationPlatforms) = postSolution
		{50C9A305-AAF6-461A-A3B7-BA18419CA8D5}.Debug|Any CPU.ActiveCfg = Debug|Any CPU
		{50C9A305-AAF6-461A-A3B7-BA18419CA8D5}.Debug|Any CPU.Build.0 = Debug|Any CPU
		{50C9A305-AAF6-461A-A3B7-BA18419CA8D5}.Release|Any CPU.ActiveCfg = Release|Any CPU
		{50C9A305-AAF6-461A-A3B7-BA18419CA8D5}.Release|Any CPU.Build.0 = Release|Any CPU
	EndGlobalSection
	GlobalSection(SolutionProperties) = preSolution
		HideSolutionNode = FALSE
	EndGlobalSection
	GlobalSection(ExtensibilityGlobals) = postSolution
		SolutionGuid = {A74F5132-0E86-485B-B63F-B570D5B1AB3A}
	EndGlobalSection
EndGlobal
