
Microsoft Visual Studio Solution File, Format Version 12.00
# Visual Studio Version 16
VisualStudioVersion = 16.0.31019.35
MinimumVisualStudioVersion = 10.0.40219.1
Project("{FAE04EC0-301F-11D3-BF4B-00C04F79EFBC}") = "Double", "Double\Double.csproj", "{7528764D-E936-4C5E-BBD8-ECCAC6CF1FEC}"
EndProject
Global
	GlobalSection(SolutionConfigurationPlatforms) = preSolution
		Debug|Any CPU = Debug|Any CPU
		Release|Any CPU = Release|Any CPU
	EndGlobalSection
	GlobalSection(ProjectConfigurationPlatforms) = postSolution
		{7528764D-E936-4C5E-BBD8-ECCAC6CF1FEC}.Debug|Any CPU.ActiveCfg = Debug|Any CPU
		{7528764D-E936-4C5E-BBD8-ECCAC6CF1FEC}.Debug|Any CPU.Build.0 = Debug|Any CPU
		{7528764D-E936-4C5E-BBD8-ECCAC6CF1FEC}.Release|Any CPU.ActiveCfg = Release|Any CPU
		{7528764D-E936-4C5E-BBD8-ECCAC6CF1FEC}.Release|Any CPU.Build.0 = Release|Any CPU
	EndGlobalSection
	GlobalSection(SolutionProperties) = preSolution
		HideSolutionNode = FALSE
	EndGlobalSection
	GlobalSection(ExtensibilityGlobals) = postSolution
		SolutionGuid = {555FC160-6155-48CA-867C-E650EBA288E5}
	EndGlobalSection
EndGlobal
