
Microsoft Visual Studio Solution File, Format Version 12.00
# Visual Studio Version 16
VisualStudioVersion = 16.0.31019.35
MinimumVisualStudioVersion = 10.0.40219.1
Project("{FAE04EC0-301F-11D3-BF4B-00C04F79EFBC}") = "intSwitching", "intSwitching\intSwitching.csproj", "{17214130-7F0D-4DD7-866B-F92D1092669B}"
EndProject
Global
	GlobalSection(SolutionConfigurationPlatforms) = preSolution
		Debug|Any CPU = Debug|Any CPU
		Release|Any CPU = Release|Any CPU
	EndGlobalSection
	GlobalSection(ProjectConfigurationPlatforms) = postSolution
		{17214130-7F0D-4DD7-866B-F92D1092669B}.Debug|Any CPU.ActiveCfg = Debug|Any CPU
		{17214130-7F0D-4DD7-866B-F92D1092669B}.Debug|Any CPU.Build.0 = Debug|Any CPU
		{17214130-7F0D-4DD7-866B-F92D1092669B}.Release|Any CPU.ActiveCfg = Release|Any CPU
		{17214130-7F0D-4DD7-866B-F92D1092669B}.Release|Any CPU.Build.0 = Release|Any CPU
	EndGlobalSection
	GlobalSection(SolutionProperties) = preSolution
		HideSolutionNode = FALSE
	EndGlobalSection
	GlobalSection(ExtensibilityGlobals) = postSolution
		SolutionGuid = {DF2AA039-BFC5-496D-B4B7-44320760E052}
	EndGlobalSection
EndGlobal
